// !$*UTF8*$!
{
	archiveVersion = 1;
	classes = {
	};
	objectVersion = 56;
	objects = {

/* Begin PBXBuildFile section */
		11E8B6E62A426F2B00420D64 /* csv_to_mermaidApp.swift in Sources */ = {isa = PBXBuildFile; fileRef = 11E8B6E52A426F2B00420D64 /* csv_to_mermaidApp.swift */; };
		11E8B6E82A426F2B00420D64 /* ContentView.swift in Sources */ = {isa = PBXBuildFile; fileRef = 11E8B6E72A426F2B00420D64 /* ContentView.swift */; };
		11E8B6EA2A426F2C00420D64 /* Assets.xcassets in Resources */ = {isa = PBXBuildFile; fileRef = 11E8B6E92A426F2C00420D64 /* Assets.xcassets */; };
		11E8B6ED2A426F2C00420D64 /* Preview Assets.xcassets in Resources */ = {isa = PBXBuildFile; fileRef = 11E8B6EC2A426F2C00420D64 /* Preview Assets.xcassets */; };
		11F5EB702A44C92F00EFBF45 /* Convert.swift in Sources */ = {isa = PBXBuildFile; fileRef = 11F5EB6E2A44C2BB00EFBF45 /* Convert.swift */; };
/* End PBXBuildFile section */

/* Begin PBXFileReference section */
		11E8B6E22A426F2B00420D64 /* csv to mermaid.app */ = {isa = PBXFileReference; explicitFileType = wrapper.application; includeInIndex = 0; path = "csv to mermaid.app"; sourceTree = BUILT_PRODUCTS_DIR; };
		11E8B6E52A426F2B00420D64 /* csv_to_mermaidApp.swift */ = {isa = PBXFileReference; lastKnownFileType = sourcecode.swift; path = csv_to_mermaidApp.swift; sourceTree = "<group>"; };
		11E8B6E72A426F2B00420D64 /* ContentView.swift */ = {isa = PBXFileReference; lastKnownFileType = sourcecode.swift; path = ContentView.swift; sourceTree = "<group>"; };
		11E8B6E92A426F2C00420D64 /* Assets.xcassets */ = {isa = PBXFileReference; lastKnownFileType = folder.assetcatalog; name = Assets.xcassets; path = "csv to mermaid/Assets.xcassets"; sourceTree = SOURCE_ROOT; };
		11E8B6EC2A426F2C00420D64 /* Preview Assets.xcassets */ = {isa = PBXFileReference; lastKnownFileType = folder.assetcatalog; path = "Preview Assets.xcassets"; sourceTree = "<group>"; };
		11E8B6EE2A426F2C00420D64 /* csv_to_mermaid.entitlements */ = {isa = PBXFileReference; lastKnownFileType = text.plist.entitlements; path = csv_to_mermaid.entitlements; sourceTree = "<group>"; };
		11F5EB6E2A44C2BB00EFBF45 /* Convert.swift */ = {isa = PBXFileReference; lastKnownFileType = sourcecode.swift; path = Convert.swift; sourceTree = "<group>"; };
/* End PBXFileReference section */

/* Begin PBXFrameworksBuildPhase section */
		11E8B6DF2A426F2B00420D64 /* Frameworks */ = {
			isa = PBXFrameworksBuildPhase;
			buildActionMask = 2147483647;
			files = (
			);
			runOnlyForDeploymentPostprocessing = 0;
		};
/* End PBXFrameworksBuildPhase section */

/* Begin PBXGroup section */
		11E8B6D92A426F2B00420D64 = {
			isa = PBXGroup;
			children = (
				11E8B6E42A426F2B00420D64 /* csv to mermaid */,
				11E8B6E32A426F2B00420D64 /* Products */,
			);
			sourceTree = "<group>";
		};
		11E8B6E32A426F2B00420D64 /* Products */ = {
			isa = PBXGroup;
			children = (
				11E8B6E22A426F2B00420D64 /* csv to mermaid.app */,
			);
			name = Products;
			sourceTree = "<group>";
		};
		11E8B6E42A426F2B00420D64 /* csv to mermaid */ = {
			isa = PBXGroup;
			children = (
				11F5EB6E2A44C2BB00EFBF45 /* Convert.swift */,
				11E8B6E52A426F2B00420D64 /* csv_to_mermaidApp.swift */,
				11E8B6E72A426F2B00420D64 /* ContentView.swift */,
				11E8B6E92A426F2C00420D64 /* Assets.xcassets */,
				11E8B6EE2A426F2C00420D64 /* csv_to_mermaid.entitlements */,
				11E8B6EB2A426F2C00420D64 /* Preview Content */,
			);
			path = "csv to mermaid";
			sourceTree = "<group>";
		};
		11E8B6EB2A426F2C00420D64 /* Preview Content */ = {
			isa = PBXGroup;
			children = (
				11E8B6EC2A426F2C00420D64 /* Preview Assets.xcassets */,
			);
			path = "Preview Content";
			sourceTree = "<group>";
		};
/* End PBXGroup section */

/* Begin PBXNativeTarget section */
		11E8B6E12A426F2B00420D64 /* csv to mermaid */ = {
			isa = PBXNativeTarget;
			buildConfigurationList = 11E8B6F12A426F2C00420D64 /* Build configuration list for PBXNativeTarget "csv to mermaid" */;
			buildPhases = (
				11E8B6DE2A426F2B00420D64 /* Sources */,
				11E8B6DF2A426F2B00420D64 /* Frameworks */,
				11E8B6E02A426F2B00420D64 /* Resources */,
			);
			buildRules = (
			);
			dependencies = (
			);
			name = "csv to mermaid";
			productName = "csv to mermaid";
			productReference = 11E8B6E22A426F2B00420D64 /* csv to mermaid.app */;
			productType = "com.apple.product-type.application";
		};
/* End PBXNativeTarget section */

/* Begin PBXProject section */
		11E8B6DA2A426F2B00420D64 /* Project object */ = {
			isa = PBXProject;
			attributes = {
				BuildIndependentTargetsInParallel = 1;
				LastSwiftUpdateCheck = 1430;
				LastUpgradeCheck = 1430;
				TargetAttributes = {
					11E8B6E12A426F2B00420D64 = {
						CreatedOnToolsVersion = 14.3.1;
					};
				};
			};
			buildConfigurationList = 11E8B6DD2A426F2B00420D64 /* Build configuration list for PBXProject "csv to mermaid" */;
			compatibilityVersion = "Xcode 14.0";
			developmentRegion = en;
			hasScannedForEncodings = 0;
			knownRegions = (
				en,
				Base,
			);
			mainGroup = 11E8B6D92A426F2B00420D64;
			productRefGroup = 11E8B6E32A426F2B00420D64 /* Products */;
			projectDirPath = "";
			projectRoot = "";
			targets = (
				11E8B6E12A426F2B00420D64 /* csv to mermaid */,
			);
		};
/* End PBXProject section */

/* Begin PBXResourcesBuildPhase section */
		11E8B6E02A426F2B00420D64 /* Resources */ = {
			isa = PBXResourcesBuildPhase;
			buildActionMask = 2147483647;
			files = (
				11E8B6ED2A426F2C00420D64 /* Preview Assets.xcassets in Resources */,
				11E8B6EA2A426F2C00420D64 /* Assets.xcassets in Resources */,
			);
			runOnlyForDeploymentPostprocessing = 0;
		};
/* End PBXResourcesBuildPhase section */

/* Begin PBXSourcesBuildPhase section */
		11E8B6DE2A426F2B00420D64 /* Sources */ = {
			isa = PBXSourcesBuildPhase;
			buildActionMask = 2147483647;
			files = (
				11E8B6E82A426F2B00420D64 /* ContentView.swift in Sources */,
				11F5EB702A44C92F00EFBF45 /* Convert.swift in Sources */,
				11E8B6E62A426F2B00420D64 /* csv_to_mermaidApp.swift in Sources */,
			);
			runOnlyForDeploymentPostprocessing = 0;
		};
/* End PBXSourcesBuildPhase section */

/* Begin XCBuildConfiguration section */
		11E8B6EF2A426F2C00420D64 /* Debug */ = {
			isa = XCBuildConfiguration;
			buildSettings = {
				ALWAYS_SEARCH_USER_PATHS = NO;
				CLANG_ANALYZER_NONNULL = YES;
				CLANG_ANALYZER_NUMBER_OBJECT_CONVERSION = YES_AGGRESSIVE;
				CLANG_CXX_LANGUAGE_STANDARD = "gnu++20";
				CLANG_ENABLE_MODULES = YES;
				CLANG_ENABLE_OBJC_ARC = YES;
				CLANG_ENABLE_OBJC_WEAK = YES;
				CLANG_WARN_BLOCK_CAPTURE_AUTORELEASING = YES;
				CLANG_WARN_BOOL_CONVERSION = YES;
				CLANG_WARN_COMMA = YES;
				CLANG_WARN_CONSTANT_CONVERSION = YES;
				CLANG_WARN_DEPRECATED_OBJC_IMPLEMENTATIONS = YES;
				CLANG_WARN_DIRECT_OBJC_ISA_USAGE = YES_ERROR;
				CLANG_WARN_DOCUMENTATION_COMMENTS = YES;
				CLANG_WARN_EMPTY_BODY = YES;
				CLANG_WARN_ENUM_CONVERSION = YES;
				CLANG_WARN_INFINITE_RECURSION = YES;
				CLANG_WARN_INT_CONVERSION = YES;
				CLANG_WARN_NON_LITERAL_NULL_CONVERSION = YES;
				CLANG_WARN_OBJC_IMPLICIT_RETAIN_SELF = YES;
				CLANG_WARN_OBJC_LITERAL_CONVERSION = YES;
				CLANG_WARN_OBJC_ROOT_CLASS = YES_ERROR;
				CLANG_WARN_QUOTED_INCLUDE_IN_FRAMEWORK_HEADER = YES;
				CLANG_WARN_RANGE_LOOP_ANALYSIS = YES;
				CLANG_WARN_STRICT_PROTOTYPES = YES;
				CLANG_WARN_SUSPICIOUS_MOVE = YES;
				CLANG_WARN_UNGUARDED_AVAILABILITY = YES_AGGRESSIVE;
				CLANG_WARN_UNREACHABLE_CODE = YES;
				CLANG_WARN__DUPLICATE_METHOD_MATCH = YES;
				COPY_PHASE_STRIP = NO;
				DEBUG_INFORMATION_FORMAT = dwarf;
				ENABLE_STRICT_OBJC_MSGSEND = YES;
				ENABLE_TESTABILITY = YES;
				GCC_C_LANGUAGE_STANDARD = gnu11;
				GCC_DYNAMIC_NO_PIC = NO;
				GCC_NO_COMMON_BLOCKS = YES;
				GCC_OPTIMIZATION_LEVEL = 0;
				GCC_PREPROCESSOR_DEFINITIONS = (
					"DEBUG=1",
					"$(inherited)",
				);
				GCC_WARN_64_TO_32_BIT_CONVERSION = YES;
				GCC_WARN_ABOUT_RETURN_TYPE = YES_ERROR;
				GCC_WARN_UNDECLARED_SELECTOR = YES;
				GCC_WARN_UNINITIALIZED_AUTOS = YES_AGGRESSIVE;
				GCC_WARN_UNUSED_FUNCTION = YES;
				GCC_WARN_UNUSED_VARIABLE = YES;
				MACOSX_DEPLOYMENT_TARGET = 13.3;
				MTL_ENABLE_DEBUG_INFO = INCLUDE_SOURCE;
				MTL_FAST_MATH = YES;
				ONLY_ACTIVE_ARCH = YES;
				SDKROOT = macosx;
				SWIFT_ACTIVE_COMPILATION_CONDITIONS = DEBUG;
				SWIFT_OPTIMIZATION_LEVEL = "-Onone";
			};
			name = Debug;
		};
		11E8B6F02A426F2C00420D64 /* Release */ = {
			isa = XCBuildConfiguration;
			buildSettings = {
				ALWAYS_SEARCH_USER_PATHS = NO;
				CLANG_ANALYZER_NONNULL = YES;
				CLANG_ANALYZER_NUMBER_OBJECT_CONVERSION = YES_AGGRESSIVE;
				CLANG_CXX_LANGUAGE_STANDARD = "gnu++20";
				CLANG_ENABLE_MODULES = YES;
				CLANG_ENABLE_OBJC_ARC = YES;
				CLANG_ENABLE_OBJC_WEAK = YES;
				CLANG_WARN_BLOCK_CAPTURE_AUTORELEASING = YES;
				CLANG_WARN_BOOL_CONVERSION = YES;
				CLANG_WARN_COMMA = YES;
				CLANG_WARN_CONSTANT_CONVERSION = YES;
				CLANG_WARN_DEPRECATED_OBJC_IMPLEMENTATIONS = YES;
				CLANG_WARN_DIRECT_OBJC_ISA_USAGE = YES_ERROR;
				CLANG_WARN_DOCUMENTATION_COMMENTS = YES;
				CLANG_WARN_EMPTY_BODY = YES;
				CLANG_WARN_ENUM_CONVERSION = YES;
				CLANG_WARN_INFINITE_RECURSION = YES;
				CLANG_WARN_INT_CONVERSION = YES;
				CLANG_WARN_NON_LITERAL_NULL_CONVERSION = YES;
				CLANG_WARN_OBJC_IMPLICIT_RETAIN_SELF = YES;
				CLANG_WARN_OBJC_LITERAL_CONVERSION = YES;
				CLANG_WARN_OBJC_ROOT_CLASS = YES_ERROR;
				CLANG_WARN_QUOTED_INCLUDE_IN_FRAMEWORK_HEADER = YES;
				CLANG_WARN_RANGE_LOOP_ANALYSIS = YES;
				CLANG_WARN_STRICT_PROTOTYPES = YES;
				CLANG_WARN_SUSPICIOUS_MOVE = YES;
				CLANG_WARN_UNGUARDED_AVAILABILITY = YES_AGGRESSIVE;
				CLANG_WARN_UNREACHABLE_CODE = YES;
				CLANG_WARN__DUPLICATE_METHOD_MATCH = YES;
				COPY_PHASE_STRIP = NO;
				DEBUG_INFORMATION_FORMAT = "dwarf-with-dsym";
				ENABLE_NS_ASSERTIONS = NO;
				ENABLE_STRICT_OBJC_MSGSEND = YES;
				GCC_C_LANGUAGE_STANDARD = gnu11;
				GCC_NO_COMMON_BLOCKS = YES;
				GCC_WARN_64_TO_32_BIT_CONVERSION = YES;
				GCC_WARN_ABOUT_RETURN_TYPE = YES_ERROR;
				GCC_WARN_UNDECLARED_SELECTOR = YES;
				GCC_WARN_UNINITIALIZED_AUTOS = YES_AGGRESSIVE;
				GCC_WARN_UNUSED_FUNCTION = YES;
				GCC_WARN_UNUSED_VARIABLE = YES;
				MACOSX_DEPLOYMENT_TARGET = 13.3;
				MTL_ENABLE_DEBUG_INFO = NO;
				MTL_FAST_MATH = YES;
				SDKROOT = macosx;
				SWIFT_COMPILATION_MODE = wholemodule;
				SWIFT_OPTIMIZATION_LEVEL = "-O";
			};
			name = Release;
		};
		11E8B6F22A426F2C00420D64 /* Debug */ = {
			isa = XCBuildConfiguration;
			buildSettings = {
				ASSETCATALOG_COMPILER_APPICON_NAME = AppIcon;
				ASSETCATALOG_COMPILER_GLOBAL_ACCENT_COLOR_NAME = AccentColor;
				CODE_SIGN_ENTITLEMENTS = "csv to mermaid/csv_to_mermaid.entitlements";
				CODE_SIGN_STYLE = Automatic;
				COMBINE_HIDPI_IMAGES = YES;
				CURRENT_PROJECT_VERSION = 1;
				DEVELOPMENT_ASSET_PATHS = "\"csv to mermaid/Preview Content\"";
				ENABLE_PREVIEWS = YES;
				GENERATE_INFOPLIST_FILE = YES;
				INFOPLIST_KEY_NSHumanReadableCopyright = "";
				LD_RUNPATH_SEARCH_PATHS = (
					"$(inherited)",
					"@executable_path/../Frameworks",
				);
				MARKETING_VERSION = 1.0;
				PRODUCT_BUNDLE_IDENTIFIER = "iFixit.csv-to-mermaid";
				PRODUCT_NAME = "$(TARGET_NAME)";
				SWIFT_EMIT_LOC_STRINGS = YES;
				SWIFT_VERSION = 5.0;
			};
			name = Debug;
		};
		11E8B6F32A426F2C00420D64 /* Release */ = {
			isa = XCBuildConfiguration;
			buildSettings = {
				ASSETCATALOG_COMPILER_APPICON_NAME = AppIcon;
				ASSETCATALOG_COMPILER_GLOBAL_ACCENT_COLOR_NAME = AccentColor;
				CODE_SIGN_ENTITLEMENTS = "csv to mermaid/csv_to_mermaid.entitlements";
				CODE_SIGN_STYLE = Automatic;
				COMBINE_HIDPI_IMAGES = YES;
				CURRENT_PROJECT_VERSION = 1;
				DEVELOPMENT_ASSET_PATHS = "\"csv to mermaid/Preview Content\"";
				ENABLE_PREVIEWS = YES;
				GENERATE_INFOPLIST_FILE = YES;
				INFOPLIST_KEY_NSHumanReadableCopyright = "";
				LD_RUNPATH_SEARCH_PATHS = (
					"$(inherited)",
					"@executable_path/../Frameworks",
				);
				MARKETING_VERSION = 1.0;
				PRODUCT_BUNDLE_IDENTIFIER = "iFixit.csv-to-mermaid";
				PRODUCT_NAME = "$(TARGET_NAME)";
				SWIFT_EMIT_LOC_STRINGS = YES;
				SWIFT_VERSION = 5.0;
			};
			name = Release;
		};
/* End XCBuildConfiguration section */

/* Begin XCConfigurationList section */
		11E8B6DD2A426F2B00420D64 /* Build configuration list for PBXProject "csv to mermaid" */ = {
			isa = XCConfigurationList;
			buildConfigurations = (
				11E8B6EF2A426F2C00420D64 /* Debug */,
				11E8B6F02A426F2C00420D64 /* Release */,
			);
			defaultConfigurationIsVisible = 0;
			defaultConfigurationName = Release;
		};
		11E8B6F12A426F2C00420D64 /* Build configuration list for PBXNativeTarget "csv to mermaid" */ = {
			isa = XCConfigurationList;
			buildConfigurations = (
				11E8B6F22A426F2C00420D64 /* Debug */,
				11E8B6F32A426F2C00420D64 /* Release */,
			);
			defaultConfigurationIsVisible = 0;
			defaultConfigurationName = Release;
		};
/* End XCConfigurationList section */
	};
	rootObject = 11E8B6DA2A426F2B00420D64 /* Project object */;
}
